// !$*UTF8*$!
{
	archiveVersion = 1;
	classes = {
	};
	objectVersion = 45;
	objects = {

/* Begin PBXBuildFile section */
		3C193DD21287FE5E00ACB7CD /* msa.cpp in Sources */ = {isa = PBXBuildFile; fileRef = 3C193DD11287FE5E00ACB7CD /* msa.cpp */; };
		3C3D8EAF128AB11200CFE587 /* wentropy.cpp in Sources */ = {isa = PBXBuildFile; fileRef = 3C3D8EAE128AB11200CFE587 /* wentropy.cpp */; };
		3CD40F1212830507006F4674 /* scoring_matrix.cpp in Sources */ = {isa = PBXBuildFile; fileRef = 3CD40F1112830507006F4674 /* scoring_matrix.cpp */; };
		3CDB1BCE128948430061FB28 /* statistic.cpp in Sources */ = {isa = PBXBuildFile; fileRef = 3CDB1BCD128948430061FB28 /* statistic.cpp */; };
		3CDB1BDC12894A2C0061FB28 /* mlc.cpp in Sources */ = {isa = PBXBuildFile; fileRef = 3CDB1BDB12894A2C0061FB28 /* mlc.cpp */; };
		3CDB1BDF12894A330061FB28 /* trident.cpp in Sources */ = {isa = PBXBuildFile; fileRef = 3CDB1BDE12894A330061FB28 /* trident.cpp */; };
		8DD76F650486A84900D96B5E /* main.cpp in Sources */ = {isa = PBXBuildFile; fileRef = 08FB7796FE84155DC02AAC07 /* main.cpp */; settings = {ATTRIBUTES = (); }; };
		8DD76F6A0486A84900D96B5E /* MstatX++.1 in CopyFiles */ = {isa = PBXBuildFile; fileRef = C6859E8B029090EE04C91782 /* MstatX++.1 */; };
/* End PBXBuildFile section */

/* Begin PBXCopyFilesBuildPhase section */
		8DD76F690486A84900D96B5E /* CopyFiles */ = {
			isa = PBXCopyFilesBuildPhase;
			buildActionMask = 8;
			dstPath = /usr/share/man/man1/;
			dstSubfolderSpec = 0;
			files = (
				8DD76F6A0486A84900D96B5E /* MstatX++.1 in CopyFiles */,
			);
			runOnlyForDeploymentPostprocessing = 1;
		};
/* End PBXCopyFilesBuildPhase section */

/* Begin PBXFileReference section */
		08FB7796FE84155DC02AAC07 /* main.cpp */ = {isa = PBXFileReference; fileEncoding = 4; lastKnownFileType = sourcecode.cpp.cpp; path = main.cpp; sourceTree = "<group>"; };
		3C193DAD1287F9D900ACB7CD /* arg_line.h */ = {isa = PBXFileReference; fileEncoding = 4; lastKnownFileType = sourcecode.c.h; path = arg_line.h; sourceTree = "<group>"; };
		3C193DAE1287F9D900ACB7CD /* argument.h */ = {isa = PBXFileReference; fileEncoding = 4; lastKnownFileType = sourcecode.c.h; path = argument.h; sourceTree = "<group>"; };
		3C193DAF1287F9D900ACB7CD /* options.h */ = {isa = PBXFileReference; fileEncoding = 4; lastKnownFileType = sourcecode.c.h; path = options.h; sourceTree = "<group>"; };
		3C193DD01287FE5E00ACB7CD /* msa.h */ = {isa = PBXFileReference; fileEncoding = 4; lastKnownFileType = sourcecode.c.h; path = msa.h; sourceTree = "<group>"; };
		3C193DD11287FE5E00ACB7CD /* msa.cpp */ = {isa = PBXFileReference; fileEncoding = 4; lastKnownFileType = sourcecode.cpp.cpp; path = msa.cpp; sourceTree = "<group>"; };
		3C193F721288532400ACB7CD /* mclachlan72.mat */ = {isa = PBXFileReference; fileEncoding = 4; lastKnownFileType = text; path = mclachlan72.mat; sourceTree = "<group>"; };
		3C193F73128855BE00ACB7CD /* mclachlan71.mat */ = {isa = PBXFileReference; fileEncoding = 4; lastKnownFileType = text; path = mclachlan71.mat; sourceTree = "<group>"; };
		3C3D8EAD128AB11200CFE587 /* wentropy.h */ = {isa = PBXFileReference; fileEncoding = 4; lastKnownFileType = sourcecode.c.h; path = wentropy.h; sourceTree = "<group>"; };
		3C3D8EAE128AB11200CFE587 /* wentropy.cpp */ = {isa = PBXFileReference; fileEncoding = 4; lastKnownFileType = sourcecode.cpp.cpp; path = wentropy.cpp; sourceTree = "<group>"; };
		3CD40F1012830507006F4674 /* scoring_matrix.h */ = {isa = PBXFileReference; fileEncoding = 4; lastKnownFileType = sourcecode.c.h; path = scoring_matrix.h; sourceTree = "<group>"; };
		3CD40F1112830507006F4674 /* scoring_matrix.cpp */ = {isa = PBXFileReference; fileEncoding = 4; lastKnownFileType = sourcecode.cpp.cpp; path = scoring_matrix.cpp; sourceTree = "<group>"; };
		3CD40F131283063C006F4674 /* blosum62.mat */ = {isa = PBXFileReference; fileEncoding = 4; lastKnownFileType = text; path = blosum62.mat; sourceTree = "<group>"; };
		3CDB1BCC128948430061FB28 /* statistic.h */ = {isa = PBXFileReference; fileEncoding = 4; lastKnownFileType = sourcecode.c.h; path = statistic.h; sourceTree = "<group>"; };
		3CDB1BCD128948430061FB28 /* statistic.cpp */ = {isa = PBXFileReference; fileEncoding = 4; lastKnownFileType = sourcecode.cpp.cpp; path = statistic.cpp; sourceTree = "<group>"; };
		3CDB1BD0128949470061FB28 /* factory.h */ = {isa = PBXFileReference; fileEncoding = 4; lastKnownFileType = sourcecode.c.h; path = factory.h; sourceTree = "<group>"; };
		3CDB1BDA12894A2C0061FB28 /* mlc.h */ = {isa = PBXFileReference; fileEncoding = 4; lastKnownFileType = sourcecode.c.h; path = mlc.h; sourceTree = "<group>"; };
		3CDB1BDB12894A2C0061FB28 /* mlc.cpp */ = {isa = PBXFileReference; fileEncoding = 4; lastKnownFileType = sourcecode.cpp.cpp; path = mlc.cpp; sourceTree = "<group>"; };
		3CDB1BDD12894A330061FB28 /* trident.h */ = {isa = PBXFileReference; fileEncoding = 4; lastKnownFileType = sourcecode.c.h; path = trident.h; sourceTree = "<group>"; };
		3CDB1BDE12894A330061FB28 /* trident.cpp */ = {isa = PBXFileReference; fileEncoding = 4; lastKnownFileType = sourcecode.cpp.cpp; path = trident.cpp; sourceTree = "<group>"; };
		3CDB1D0112897EB00061FB28 /* mclachlan72b.mat */ = {isa = PBXFileReference; fileEncoding = 4; lastKnownFileType = text; path = mclachlan72b.mat; sourceTree = "<group>"; };
		8DD76F6C0486A84900D96B5E /* MstatX++ */ = {isa = PBXFileReference; explicitFileType = "compiled.mach-o.executable"; includeInIndex = 0; path = "MstatX++"; sourceTree = BUILT_PRODUCTS_DIR; };
		C6859E8B029090EE04C91782 /* MstatX++.1 */ = {isa = PBXFileReference; lastKnownFileType = text.man; path = "MstatX++.1"; sourceTree = "<group>"; };
/* End PBXFileReference section */

/* Begin PBXFrameworksBuildPhase section */
		8DD76F660486A84900D96B5E /* Frameworks */ = {
			isa = PBXFrameworksBuildPhase;
			buildActionMask = 2147483647;
			files = (
			);
			runOnlyForDeploymentPostprocessing = 0;
		};
/* End PBXFrameworksBuildPhase section */

/* Begin PBXGroup section */
		08FB7794FE84155DC02AAC07 /* MstatX++ */ = {
			isa = PBXGroup;
			children = (
				08FB7795FE84155DC02AAC07 /* Source */,
				C6859E8C029090F304C91782 /* Documentation */,
				1AB674ADFE9D54B511CA2CBB /* Products */,
			);
			name = "MstatX++";
			sourceTree = "<group>";
		};
		08FB7795FE84155DC02AAC07 /* Source */ = {
			isa = PBXGroup;
			children = (
				08FB7796FE84155DC02AAC07 /* main.cpp */,
				3CDB1BCF128949260061FB28 /* Statistics */,
				3C193E4B128804B400ACB7CD /* Commons */,
				3C193E4C128804C800ACB7CD /* Config Files */,
				3C193DB01287F9E100ACB7CD /* Options & Arguments */,
			);
			name = Source;
			sourceTree = "<group>";
		};
		1AB674ADFE9D54B511CA2CBB /* Products */ = {
			isa = PBXGroup;
			children = (
				8DD76F6C0486A84900D96B5E /* MstatX++ */,
			);
			name = Products;
			sourceTree = "<group>";
		};
		3C193DB01287F9E100ACB7CD /* Options & Arguments */ = {
			isa = PBXGroup;
			children = (
				3C193DAD1287F9D900ACB7CD /* arg_line.h */,
				3C193DAE1287F9D900ACB7CD /* argument.h */,
				3C193DAF1287F9D900ACB7CD /* options.h */,
			);
			name = "Options & Arguments";
			sourceTree = "<group>";
		};
		3C193E4B128804B400ACB7CD /* Commons */ = {
			isa = PBXGroup;
			children = (
				3CDB1BD0128949470061FB28 /* factory.h */,
				3C193DD01287FE5E00ACB7CD /* msa.h */,
				3C193DD11287FE5E00ACB7CD /* msa.cpp */,
				3CD40F1012830507006F4674 /* scoring_matrix.h */,
				3CD40F1112830507006F4674 /* scoring_matrix.cpp */,
			);
			name = Commons;
			sourceTree = "<group>";
		};
		3C193E4C128804C800ACB7CD /* Config Files */ = {
			isa = PBXGroup;
			children = (
				3CD40F131283063C006F4674 /* blosum62.mat */,
				3C193F721288532400ACB7CD /* mclachlan72.mat */,
				3C193F73128855BE00ACB7CD /* mclachlan71.mat */,
				3CDB1D0112897EB00061FB28 /* mclachlan72b.mat */,
			);
			name = "Config Files";
			sourceTree = "<group>";
		};
		3CDB1BCF128949260061FB28 /* Statistics */ = {
			isa = PBXGroup;
			children = (
				3CDB1BCC128948430061FB28 /* statistic.h */,
				3CDB1BCD128948430061FB28 /* statistic.cpp */,
				3CDB1BDA12894A2C0061FB28 /* mlc.h */,
				3CDB1BDB12894A2C0061FB28 /* mlc.cpp */,
				3CDB1BDD12894A330061FB28 /* trident.h */,
				3CDB1BDE12894A330061FB28 /* trident.cpp */,
				3C3D8EAD128AB11200CFE587 /* wentropy.h */,
				3C3D8EAE128AB11200CFE587 /* wentropy.cpp */,
			);
			name = Statistics;
			sourceTree = "<group>";
		};
		C6859E8C029090F304C91782 /* Documentation */ = {
			isa = PBXGroup;
			children = (
				C6859E8B029090EE04C91782 /* MstatX++.1 */,
			);
			name = Documentation;
			sourceTree = "<group>";
		};
/* End PBXGroup section */

/* Begin PBXNativeTarget section */
		8DD76F620486A84900D96B5E /* MstatX++ */ = {
			isa = PBXNativeTarget;
			buildConfigurationList = 1DEB923108733DC60010E9CD /* Build configuration list for PBXNativeTarget "MstatX++" */;
			buildPhases = (
				8DD76F640486A84900D96B5E /* Sources */,
				8DD76F660486A84900D96B5E /* Frameworks */,
				8DD76F690486A84900D96B5E /* CopyFiles */,
			);
			buildRules = (
			);
			dependencies = (
			);
			name = "MstatX++";
			productInstallPath = "$(HOME)/bin";
			productName = "MstatX++";
			productReference = 8DD76F6C0486A84900D96B5E /* MstatX++ */;
			productType = "com.apple.product-type.tool";
		};
/* End PBXNativeTarget section */

/* Begin PBXProject section */
		08FB7793FE84155DC02AAC07 /* Project object */ = {
			isa = PBXProject;
			buildConfigurationList = 1DEB923508733DC60010E9CD /* Build configuration list for PBXProject "MstatX++" */;
			compatibilityVersion = "Xcode 3.1";
			hasScannedForEncodings = 1;
			mainGroup = 08FB7794FE84155DC02AAC07 /* MstatX++ */;
			projectDirPath = "";
			projectRoot = "";
			targets = (
				8DD76F620486A84900D96B5E /* MstatX++ */,
			);
		};
/* End PBXProject section */

/* Begin PBXSourcesBuildPhase section */
		8DD76F640486A84900D96B5E /* Sources */ = {
			isa = PBXSourcesBuildPhase;
			buildActionMask = 2147483647;
			files = (
				8DD76F650486A84900D96B5E /* main.cpp in Sources */,
				3CD40F1212830507006F4674 /* scoring_matrix.cpp in Sources */,
				3C193DD21287FE5E00ACB7CD /* msa.cpp in Sources */,
				3CDB1BCE128948430061FB28 /* statistic.cpp in Sources */,
				3CDB1BDC12894A2C0061FB28 /* mlc.cpp in Sources */,
				3CDB1BDF12894A330061FB28 /* trident.cpp in Sources */,
				3C3D8EAF128AB11200CFE587 /* wentropy.cpp in Sources */,
			);
			runOnlyForDeploymentPostprocessing = 0;
		};
/* End PBXSourcesBuildPhase section */

/* Begin XCBuildConfiguration section */
		1DEB923208733DC60010E9CD /* Debug */ = {
			isa = XCBuildConfiguration;
			buildSettings = {
				ALWAYS_SEARCH_USER_PATHS = NO;
				COPY_PHASE_STRIP = NO;
				GCC_DYNAMIC_NO_PIC = NO;
				GCC_ENABLE_FIX_AND_CONTINUE = YES;
				GCC_MODEL_TUNING = G5;
				GCC_OPTIMIZATION_LEVEL = 0;
				GCC_PREPROCESSOR_DEFINITIONS = (
					"_GLIBCXX_DEBUG=1",
					"_GLIBCXX_DEBUG_PEDANTIC=1",
				);
				INSTALL_PATH = /usr/local/bin;
				PRODUCT_NAME = "MstatX++";
			};
			name = Debug;
		};
		1DEB923308733DC60010E9CD /* Release */ = {
			isa = XCBuildConfiguration;
			buildSettings = {
				ALWAYS_SEARCH_USER_PATHS = NO;
				DEBUG_INFORMATION_FORMAT = "dwarf-with-dsym";
				GCC_MODEL_TUNING = G5;
				INSTALL_PATH = /usr/local/bin;
				PRODUCT_NAME = "MstatX++";
			};
			name = Release;
		};
		1DEB923608733DC60010E9CD /* Debug */ = {
			isa = XCBuildConfiguration;
			buildSettings = {
				ARCHS = "$(ARCHS_STANDARD_32_BIT)";
				GCC_C_LANGUAGE_STANDARD = c99;
				GCC_OPTIMIZATION_LEVEL = 0;
				GCC_VERSION = com.apple.compilers.llvmgcc42;
				GCC_WARN_ABOUT_RETURN_TYPE = YES;
				GCC_WARN_UNUSED_VARIABLE = YES;
				ONLY_ACTIVE_ARCH = YES;
				PREBINDING = NO;
				SDKROOT = macosx10.5;
			};
			name = Debug;
		};
		1DEB923708733DC60010E9CD /* Release */ = {
			isa = XCBuildConfiguration;
			buildSettings = {
				ARCHS = "$(ARCHS_STANDARD_32_BIT)";
				ENABLE_OPENMP_SUPPORT = YES;
				GCC_C_LANGUAGE_STANDARD = c99;
				GCC_GENERATE_DEBUGGING_SYMBOLS = NO;
				GCC_VERSION = com.apple.compilers.llvmgcc42;
				GCC_WARN_ABOUT_RETURN_TYPE = YES;
				GCC_WARN_UNUSED_VARIABLE = YES;
				PREBINDING = NO;
				SDKROOT = macosx10.5;
			};
			name = Release;
		};
/* End XCBuildConfiguration section */

/* Begin XCConfigurationList section */
		1DEB923108733DC60010E9CD /* Build configuration list for PBXNativeTarget "MstatX++" */ = {
			isa = XCConfigurationList;
			buildConfigurations = (
				1DEB923208733DC60010E9CD /* Debug */,
				1DEB923308733DC60010E9CD /* Release */,
			);
			defaultConfigurationIsVisible = 0;
			defaultConfigurationName = Release;
		};
		1DEB923508733DC60010E9CD /* Build configuration list for PBXProject "MstatX++" */ = {
			isa = XCConfigurationList;
			buildConfigurations = (
				1DEB923608733DC60010E9CD /* Debug */,
				1DEB923708733DC60010E9CD /* Release */,
			);
			defaultConfigurationIsVisible = 0;
			defaultConfigurationName = Release;
		};
/* End XCConfigurationList section */
	};
	rootObject = 08FB7793FE84155DC02AAC07 /* Project object */;
}
